
Microsoft Visual Studio Solution File, Format Version 12.00
# Visual Studio Version 17
VisualStudioVersion = 17.11.35208.52
MinimumVisualStudioVersion = 10.0.40219.1
Project("{FAE04EC0-301F-11D3-BF4B-00C04F79EFBC}") = "depi-real-state-management-system", "depi-real-state-management-system\depi-real-state-management-system.csproj", "{CD3501D5-90A7-44B7-96F6-0E53A47AD969}"
EndProject
Global
	GlobalSection(SolutionConfigurationPlatforms) = preSolution
		Debug|Any CPU = Debug|Any CPU
		Release|Any CPU = Release|Any CPU
	EndGlobalSection
	GlobalSection(ProjectConfigurationPlatforms) = postSolution
		{CD3501D5-90A7-44B7-96F6-0E53A47AD969}.Debug|Any CPU.ActiveCfg = Debug|Any CPU
		{CD3501D5-90A7-44B7-96F6-0E53A47AD969}.Debug|Any CPU.Build.0 = Debug|Any CPU
		{CD3501D5-90A7-44B7-96F6-0E53A47AD969}.Release|Any CPU.ActiveCfg = Release|Any CPU
		{CD3501D5-90A7-44B7-96F6-0E53A47AD969}.Release|Any CPU.Build.0 = Release|Any CPU
	EndGlobalSection
	GlobalSection(SolutionProperties) = preSolution
		HideSolutionNode = FALSE
	EndGlobalSection
	GlobalSection(ExtensibilityGlobals) = postSolution
		SolutionGuid = {A3F726FD-5A59-44EC-8D70-A6700328B3B4}
	EndGlobalSection
EndGlobal
